
Microsoft Visual Studio Solution File, Format Version 12.00
# Visual Studio Version 17
VisualStudioVersion = 17.2.32519.379
MinimumVisualStudioVersion = 10.0.40219.1
Project("{9A19103F-16F7-4668-BE54-9A1E7A4F7556}") = "OregonTrail2", "OregonTrail2\OregonTrail2.csproj", "{CC6BB57F-22E0-40A6-A85A-9F2872BD8227}"
EndProject
Global
	GlobalSection(SolutionConfigurationPlatforms) = preSolution
		Debug|Any CPU = Debug|Any CPU
		Release|Any CPU = Release|Any CPU
	EndGlobalSection
	GlobalSection(ProjectConfigurationPlatforms) = postSolution
		{CC6BB57F-22E0-40A6-A85A-9F2872BD8227}.Debug|Any CPU.ActiveCfg = Debug|Any CPU
		{CC6BB57F-22E0-40A6-A85A-9F2872BD8227}.Debug|Any CPU.Build.0 = Debug|Any CPU
		{CC6BB57F-22E0-40A6-A85A-9F2872BD8227}.Release|Any CPU.ActiveCfg = Release|Any CPU
		{CC6BB57F-22E0-40A6-A85A-9F2872BD8227}.Release|Any CPU.Build.0 = Release|Any CPU
	EndGlobalSection
	GlobalSection(SolutionProperties) = preSolution
		HideSolutionNode = FALSE
	EndGlobalSection
	GlobalSection(ExtensibilityGlobals) = postSolution
		SolutionGuid = {634AE0A5-789A-4583-8743-9BA06A9B7C1B}
	EndGlobalSection
EndGlobal
